
Microsoft Visual Studio Solution File, Format Version 12.00
# Visual Studio 15
VisualStudioVersion = 15.0.27004.2010
MinimumVisualStudioVersion = 10.0.40219.1
Project("{2150E333-8FDC-42A3-9474-1A3956D46DE8}") = "Bots", "Bots", "{A30D74CD-2921-4B94-B6C5-00E40DA9AF15}"
EndProject
Project("{9A19103F-16F7-4668-BE54-9A1E7A4F7556}") = "chatbot", "chatbot\chatbot.csproj", "{24C51D71-608B-459A-A53C-2753E1343D42}"
EndProject
Project("{2150E333-8FDC-42A3-9474-1A3956D46DE8}") = "Solution Items", "Solution Items", "{54C66B98-1DE0-4FD6-A41B-CF82A8005FB2}"
	ProjectSection(SolutionItems) = preProject
		..\.gitignore = ..\.gitignore
		..\LICENSE = ..\LICENSE
		..\README.md = ..\README.md
	EndProjectSection
EndProject
Project("{9A19103F-16F7-4668-BE54-9A1E7A4F7556}") = "welcomebot", "welcomebot\welcomebot.csproj", "{F3674049-C1F5-47A5-BE79-29B03F5E6A76}"
EndProject
Project("{9A19103F-16F7-4668-BE54-9A1E7A4F7556}") = "resbot", "resbot\resbot.csproj", "{9E7C9EAC-4506-4880-B8BD-06FE6F9D1B11}"
EndProject
Global
	GlobalSection(SolutionConfigurationPlatforms) = preSolution
		Debug|Any CPU = Debug|Any CPU
		Release|Any CPU = Release|Any CPU
	EndGlobalSection
	GlobalSection(ProjectConfigurationPlatforms) = postSolution
		{24C51D71-608B-459A-A53C-2753E1343D42}.Debug|Any CPU.ActiveCfg = Debug|Any CPU
		{24C51D71-608B-459A-A53C-2753E1343D42}.Debug|Any CPU.Build.0 = Debug|Any CPU
		{24C51D71-608B-459A-A53C-2753E1343D42}.Release|Any CPU.ActiveCfg = Release|Any CPU
		{24C51D71-608B-459A-A53C-2753E1343D42}.Release|Any CPU.Build.0 = Release|Any CPU
		{F3674049-C1F5-47A5-BE79-29B03F5E6A76}.Debug|Any CPU.ActiveCfg = Debug|Any CPU
		{F3674049-C1F5-47A5-BE79-29B03F5E6A76}.Debug|Any CPU.Build.0 = Debug|Any CPU
		{F3674049-C1F5-47A5-BE79-29B03F5E6A76}.Release|Any CPU.ActiveCfg = Release|Any CPU
		{F3674049-C1F5-47A5-BE79-29B03F5E6A76}.Release|Any CPU.Build.0 = Release|Any CPU
		{9E7C9EAC-4506-4880-B8BD-06FE6F9D1B11}.Debug|Any CPU.ActiveCfg = Debug|Any CPU
		{9E7C9EAC-4506-4880-B8BD-06FE6F9D1B11}.Debug|Any CPU.Build.0 = Debug|Any CPU
		{9E7C9EAC-4506-4880-B8BD-06FE6F9D1B11}.Release|Any CPU.ActiveCfg = Release|Any CPU
		{9E7C9EAC-4506-4880-B8BD-06FE6F9D1B11}.Release|Any CPU.Build.0 = Release|Any CPU
	EndGlobalSection
	GlobalSection(SolutionProperties) = preSolution
		HideSolutionNode = FALSE
	EndGlobalSection
	GlobalSection(NestedProjects) = preSolution
		{24C51D71-608B-459A-A53C-2753E1343D42} = {A30D74CD-2921-4B94-B6C5-00E40DA9AF15}
		{F3674049-C1F5-47A5-BE79-29B03F5E6A76} = {A30D74CD-2921-4B94-B6C5-00E40DA9AF15}
		{9E7C9EAC-4506-4880-B8BD-06FE6F9D1B11} = {A30D74CD-2921-4B94-B6C5-00E40DA9AF15}
	EndGlobalSection
	GlobalSection(ExtensibilityGlobals) = postSolution
		SolutionGuid = {9A93A4EC-4458-4AD5-96CF-BD9D0CEBE948}
	EndGlobalSection
EndGlobal
